{
  "name": "INVENTO-2026",
  "lockfileVersion": 3,
  "requires": true,
  "packages": {
    "": {
      "dependencies": {
        "react-native-safe-area-context": "^5.6.2"
      }
    },
    "node_modules/react-native-safe-area-context": {
      "version": "5.6.2",
      "resolved": "https://registry.npmjs.org/react-native-safe-area-context/-/react-native-safe-area-context-5.6.2.tgz",
      "integrity": "sha512-4XGqMNj5qjUTYywJqpdWZ9IG8jgkS3h06sfVjfw5yZQZfWnRFXczi0GnYyFyCc2EBps/qFmoCH8fez//WumdVg==",
      "license": "MIT",
      "peerDependencies": {
        "react": "*",
        "react-native": "*"
      }
    }
  }
}
